
Microsoft Visual Studio Solution File, Format Version 12.00
# Visual Studio Version 17
VisualStudioVersion = 17.0.31717.71
MinimumVisualStudioVersion = 10.0.40219.1
Project("{9A19103F-16F7-4668-BE54-9A1E7A4F7556}") = "BorderRadiusPreviewWasm", "BorderRadiusPreviewWasm.csproj", "{B406D058-B7FA-4CBF-9359-30F5501F7857}"
EndProject
Global
	GlobalSection(SolutionConfigurationPlatforms) = preSolution
		Debug|Any CPU = Debug|Any CPU
		Release|Any CPU = Release|Any CPU
	EndGlobalSection
	GlobalSection(ProjectConfigurationPlatforms) = postSolution
		{B406D058-B7FA-4CBF-9359-30F5501F7857}.Debug|Any CPU.ActiveCfg = Debug|Any CPU
		{B406D058-B7FA-4CBF-9359-30F5501F7857}.Debug|Any CPU.Build.0 = Debug|Any CPU
		{B406D058-B7FA-4CBF-9359-30F5501F7857}.Release|Any CPU.ActiveCfg = Release|Any CPU
		{B406D058-B7FA-4CBF-9359-30F5501F7857}.Release|Any CPU.Build.0 = Release|Any CPU
	EndGlobalSection
	GlobalSection(SolutionProperties) = preSolution
		HideSolutionNode = FALSE
	EndGlobalSection
	GlobalSection(ExtensibilityGlobals) = postSolution
		SolutionGuid = {2492AAB0-5D46-4B36-A44A-887AD1CEE977}
	EndGlobalSection
EndGlobal